
Microsoft Visual Studio Solution File, Format Version 12.00
# Visual Studio Version 16
VisualStudioVersion = 16.0.30011.22
MinimumVisualStudioVersion = 10.0.40219.1
Project("{FAE04EC0-301F-11D3-BF4B-00C04F79EFBC}") = "PetsShopSolution.WebApp", "PetsShopSolution.WebApp\PetsShopSolution.WebApp.csproj", "{459E3C6E-7A7E-4164-89B1-942D1EE0A2B5}"
EndProject
Project("{2150E333-8FDC-42A3-9474-1A3956D46DE8}") = "Solution Items", "Solution Items", "{0230A865-5D26-4228-912B-3685973CBD39}"
	ProjectSection(SolutionItems) = preProject
		README.md = README.md
	EndProjectSection
EndProject
Project("{FAE04EC0-301F-11D3-BF4B-00C04F79EFBC}") = "PetsShopSolution.Data", "PetsShopSolution.Data\PetsShopSolution.Data.csproj", "{C5EB5BFF-E6DC-43CE-A826-444BA2F95EBC}"
EndProject
Project("{FAE04EC0-301F-11D3-BF4B-00C04F79EFBC}") = "PetsShopSolution.Application", "PetsShopSolution.Application\PetsShopSolution.Application.csproj", "{786E2A2F-C8F8-49D8-B564-2AF023D0F43C}"
EndProject
Global
	GlobalSection(SolutionConfigurationPlatforms) = preSolution
		Debug|Any CPU = Debug|Any CPU
		Release|Any CPU = Release|Any CPU
	EndGlobalSection
	GlobalSection(ProjectConfigurationPlatforms) = postSolution
		{459E3C6E-7A7E-4164-89B1-942D1EE0A2B5}.Debug|Any CPU.ActiveCfg = Debug|Any CPU
		{459E3C6E-7A7E-4164-89B1-942D1EE0A2B5}.Debug|Any CPU.Build.0 = Debug|Any CPU
		{459E3C6E-7A7E-4164-89B1-942D1EE0A2B5}.Release|Any CPU.ActiveCfg = Release|Any CPU
		{459E3C6E-7A7E-4164-89B1-942D1EE0A2B5}.Release|Any CPU.Build.0 = Release|Any CPU
		{C5EB5BFF-E6DC-43CE-A826-444BA2F95EBC}.Debug|Any CPU.ActiveCfg = Debug|Any CPU
		{C5EB5BFF-E6DC-43CE-A826-444BA2F95EBC}.Debug|Any CPU.Build.0 = Debug|Any CPU
		{C5EB5BFF-E6DC-43CE-A826-444BA2F95EBC}.Release|Any CPU.ActiveCfg = Release|Any CPU
		{C5EB5BFF-E6DC-43CE-A826-444BA2F95EBC}.Release|Any CPU.Build.0 = Release|Any CPU
		{786E2A2F-C8F8-49D8-B564-2AF023D0F43C}.Debug|Any CPU.ActiveCfg = Debug|Any CPU
		{786E2A2F-C8F8-49D8-B564-2AF023D0F43C}.Debug|Any CPU.Build.0 = Debug|Any CPU
		{786E2A2F-C8F8-49D8-B564-2AF023D0F43C}.Release|Any CPU.ActiveCfg = Release|Any CPU
		{786E2A2F-C8F8-49D8-B564-2AF023D0F43C}.Release|Any CPU.Build.0 = Release|Any CPU
	EndGlobalSection
	GlobalSection(SolutionProperties) = preSolution
		HideSolutionNode = FALSE
	EndGlobalSection
	GlobalSection(ExtensibilityGlobals) = postSolution
		SolutionGuid = {072D04BA-3F5F-4FF1-AB2A-03DFB3141814}
	EndGlobalSection
EndGlobal
